{
  "name": "myblog",
  "version": "1.0.0",
  "lockfileVersion": 1,
  "requires": true,
  "dependencies": {
    "ejs": {
      "version": "2.5.7",
      "resolved": "http://registry.npm.taobao.org/ejs/download/ejs-2.5.7.tgz"
    },
    "marked": {
      "version": "0.3.6",
      "resolved": "http://registry.npm.taobao.org/marked/download/marked-0.3.6.tgz"
    },
    "mysql": {
      "version": "2.15.0",
      "resolved": "http://registry.npm.taobao.org/mysql/download/mysql-2.15.0.tgz",
      "requires": {
        "bignumber.js": "4.0.4",
        "readable-stream": "2.3.3",
        "safe-buffer": "5.1.1",
        "sqlstring": "2.3.0"
      },
      "dependencies": {
        "bignumber.js": {
          "version": "4.0.4",
          "bundled": true
        },
        "readable-stream": {
          "version": "2.3.3",
          "bundled": true,
          "requires": {
            "core-util-is": "1.0.2",
            "inherits": "2.0.3",
            "isarray": "1.0.0",
            "process-nextick-args": "1.0.7",
            "safe-buffer": "5.1.1",
            "string_decoder": "1.0.3",
            "util-deprecate": "1.0.2"
          },
          "dependencies": {
            "core-util-is": {
              "version": "1.0.2",
              "resolved": "http://registry.npm.taobao.org/core-util-is/download/core-util-is-1.0.2.tgz"
            },
            "inherits": {
              "version": "2.0.3",
              "resolved": "http://registry.npm.taobao.org/inherits/download/inherits-2.0.3.tgz"
            },
            "isarray": {
              "version": "1.0.0",
              "resolved": "http://registry.npm.taobao.org/isarray/download/isarray-1.0.0.tgz"
            },
            "process-nextick-args": {
              "version": "1.0.7",
              "resolved": "http://registry.npm.taobao.org/process-nextick-args/download/process-nextick-args-1.0.7.tgz"
            },
            "safe-buffer": {
              "version": "5.1.1",
              "resolved": "http://registry.npm.taobao.org/safe-buffer/download/safe-buffer-5.1.1.tgz"
            },
            "string_decoder": {
              "version": "1.0.3",
              "resolved": "http://registry.npm.taobao.org/string_decoder/download/string_decoder-1.0.3.tgz",
              "requires": {
                "safe-buffer": "5.1.1"
              },
              "dependencies": {
                "safe-buffer": {
                  "version": "5.1.1",
                  "resolved": "http://registry.npm.taobao.org/safe-buffer/download/safe-buffer-5.1.1.tgz"
                }
              }
            },
            "util-deprecate": {
              "version": "1.0.2",
              "resolved": "http://registry.npm.taobao.org/util-deprecate/download/util-deprecate-1.0.2.tgz"
            }
          }
        },
        "safe-buffer": {
          "version": "5.1.1",
          "bundled": true
        },
        "sqlstring": {
          "version": "2.3.0",
          "bundled": true
        }
      }
    }
  }
}
